
Microsoft Visual Studio Solution File, Format Version 12.00
# Visual Studio Version 16
VisualStudioVersion = 16.0.29318.209
MinimumVisualStudioVersion = 15.0.26124.0
Project("{2150E333-8FDC-42A3-9474-1A3956D46DE8}") = "src", "src", "{D223DE53-00D8-4CE1-B39F-A893B578996C}"
EndProject
Project("{9A19103F-16F7-4668-BE54-9A1E7A4F7556}") = "Microsoft.Bing.AspNetCore.Connections.InlineSocket", "src\Microsoft.Bing.AspNetCore.Connections.InlineSocket\Microsoft.Bing.AspNetCore.Connections.InlineSocket.csproj", "{F4BE5DC6-9C5E-4635-A062-C613B75ECACD}"
EndProject
Project("{2150E333-8FDC-42A3-9474-1A3956D46DE8}") = "test", "test", "{B1B1644A-2A80-49C7-944C-59FC08CA2000}"
EndProject
Project("{9A19103F-16F7-4668-BE54-9A1E7A4F7556}") = "Microsoft.Bing.AspNetCore.Connections.InlineSocket.Tests.V3", "test\Microsoft.Bing.AspNetCore.Connections.InlineSocket.Tests.V3\Microsoft.Bing.AspNetCore.Connections.InlineSocket.Tests.V3.csproj", "{A741CC6D-D048-497D-8480-9A8E152B17FE}"
EndProject
Project("{2150E333-8FDC-42A3-9474-1A3956D46DE8}") = "examples", "examples", "{3462DB48-D541-4E70-880C-957966B361BA}"
EndProject
Project("{9A19103F-16F7-4668-BE54-9A1E7A4F7556}") = "HelloWorld.V3", "examples\HelloWorld.V3\HelloWorld.V3.csproj", "{89CBEDA2-6CCA-443B-8F69-7E61C99FCC86}"
EndProject
Project("{9A19103F-16F7-4668-BE54-9A1E7A4F7556}") = "Microsoft.Bing.AspNetCore.Connections.InlineSocket.TestHelpers", "test\Microsoft.Bing.AspNetCore.Connections.InlineSocket.TestHelpers\Microsoft.Bing.AspNetCore.Connections.InlineSocket.TestHelpers.csproj", "{C8A09177-0215-4059-87F2-E95C0DEC28D2}"
EndProject
Global
	GlobalSection(SolutionConfigurationPlatforms) = preSolution
		Debug|Any CPU = Debug|Any CPU
		Debug|x64 = Debug|x64
		Debug|x86 = Debug|x86
		Release|Any CPU = Release|Any CPU
		Release|x64 = Release|x64
		Release|x86 = Release|x86
	EndGlobalSection
	GlobalSection(ProjectConfigurationPlatforms) = postSolution
		{F4BE5DC6-9C5E-4635-A062-C613B75ECACD}.Debug|Any CPU.ActiveCfg = Debug|Any CPU
		{F4BE5DC6-9C5E-4635-A062-C613B75ECACD}.Debug|Any CPU.Build.0 = Debug|Any CPU
		{F4BE5DC6-9C5E-4635-A062-C613B75ECACD}.Debug|x64.ActiveCfg = Debug|Any CPU
		{F4BE5DC6-9C5E-4635-A062-C613B75ECACD}.Debug|x64.Build.0 = Debug|Any CPU
		{F4BE5DC6-9C5E-4635-A062-C613B75ECACD}.Debug|x86.ActiveCfg = Debug|Any CPU
		{F4BE5DC6-9C5E-4635-A062-C613B75ECACD}.Debug|x86.Build.0 = Debug|Any CPU
		{F4BE5DC6-9C5E-4635-A062-C613B75ECACD}.Release|Any CPU.ActiveCfg = Release|Any CPU
		{F4BE5DC6-9C5E-4635-A062-C613B75ECACD}.Release|Any CPU.Build.0 = Release|Any CPU
		{F4BE5DC6-9C5E-4635-A062-C613B75ECACD}.Release|x64.ActiveCfg = Release|Any CPU
		{F4BE5DC6-9C5E-4635-A062-C613B75ECACD}.Release|x64.Build.0 = Release|Any CPU
		{F4BE5DC6-9C5E-4635-A062-C613B75ECACD}.Release|x86.ActiveCfg = Release|Any CPU
		{F4BE5DC6-9C5E-4635-A062-C613B75ECACD}.Release|x86.Build.0 = Release|Any CPU
		{A741CC6D-D048-497D-8480-9A8E152B17FE}.Debug|Any CPU.ActiveCfg = Debug|Any CPU
		{A741CC6D-D048-497D-8480-9A8E152B17FE}.Debug|Any CPU.Build.0 = Debug|Any CPU
		{A741CC6D-D048-497D-8480-9A8E152B17FE}.Debug|x64.ActiveCfg = Debug|Any CPU
		{A741CC6D-D048-497D-8480-9A8E152B17FE}.Debug|x64.Build.0 = Debug|Any CPU
		{A741CC6D-D048-497D-8480-9A8E152B17FE}.Debug|x86.ActiveCfg = Debug|Any CPU
		{A741CC6D-D048-497D-8480-9A8E152B17FE}.Debug|x86.Build.0 = Debug|Any CPU
		{A741CC6D-D048-497D-8480-9A8E152B17FE}.Release|Any CPU.ActiveCfg = Release|Any CPU
		{A741CC6D-D048-497D-8480-9A8E152B17FE}.Release|Any CPU.Build.0 = Release|Any CPU
		{A741CC6D-D048-497D-8480-9A8E152B17FE}.Release|x64.ActiveCfg = Release|Any CPU
		{A741CC6D-D048-497D-8480-9A8E152B17FE}.Release|x64.Build.0 = Release|Any CPU
		{A741CC6D-D048-497D-8480-9A8E152B17FE}.Release|x86.ActiveCfg = Release|Any CPU
		{A741CC6D-D048-497D-8480-9A8E152B17FE}.Release|x86.Build.0 = Release|Any CPU
		{89CBEDA2-6CCA-443B-8F69-7E61C99FCC86}.Debug|Any CPU.ActiveCfg = Debug|Any CPU
		{89CBEDA2-6CCA-443B-8F69-7E61C99FCC86}.Debug|Any CPU.Build.0 = Debug|Any CPU
		{89CBEDA2-6CCA-443B-8F69-7E61C99FCC86}.Debug|x64.ActiveCfg = Debug|Any CPU
		{89CBEDA2-6CCA-443B-8F69-7E61C99FCC86}.Debug|x64.Build.0 = Debug|Any CPU
		{89CBEDA2-6CCA-443B-8F69-7E61C99FCC86}.Debug|x86.ActiveCfg = Debug|Any CPU
		{89CBEDA2-6CCA-443B-8F69-7E61C99FCC86}.Debug|x86.Build.0 = Debug|Any CPU
		{89CBEDA2-6CCA-443B-8F69-7E61C99FCC86}.Release|Any CPU.ActiveCfg = Release|Any CPU
		{89CBEDA2-6CCA-443B-8F69-7E61C99FCC86}.Release|Any CPU.Build.0 = Release|Any CPU
		{89CBEDA2-6CCA-443B-8F69-7E61C99FCC86}.Release|x64.ActiveCfg = Release|Any CPU
		{89CBEDA2-6CCA-443B-8F69-7E61C99FCC86}.Release|x64.Build.0 = Release|Any CPU
		{89CBEDA2-6CCA-443B-8F69-7E61C99FCC86}.Release|x86.ActiveCfg = Release|Any CPU
		{89CBEDA2-6CCA-443B-8F69-7E61C99FCC86}.Release|x86.Build.0 = Release|Any CPU
		{C8A09177-0215-4059-87F2-E95C0DEC28D2}.Debug|Any CPU.ActiveCfg = Debug|Any CPU
		{C8A09177-0215-4059-87F2-E95C0DEC28D2}.Debug|Any CPU.Build.0 = Debug|Any CPU
		{C8A09177-0215-4059-87F2-E95C0DEC28D2}.Debug|x64.ActiveCfg = Debug|Any CPU
		{C8A09177-0215-4059-87F2-E95C0DEC28D2}.Debug|x64.Build.0 = Debug|Any CPU
		{C8A09177-0215-4059-87F2-E95C0DEC28D2}.Debug|x86.ActiveCfg = Debug|Any CPU
		{C8A09177-0215-4059-87F2-E95C0DEC28D2}.Debug|x86.Build.0 = Debug|Any CPU
		{C8A09177-0215-4059-87F2-E95C0DEC28D2}.Release|Any CPU.ActiveCfg = Release|Any CPU
		{C8A09177-0215-4059-87F2-E95C0DEC28D2}.Release|Any CPU.Build.0 = Release|Any CPU
		{C8A09177-0215-4059-87F2-E95C0DEC28D2}.Release|x64.ActiveCfg = Release|Any CPU
		{C8A09177-0215-4059-87F2-E95C0DEC28D2}.Release|x64.Build.0 = Release|Any CPU
		{C8A09177-0215-4059-87F2-E95C0DEC28D2}.Release|x86.ActiveCfg = Release|Any CPU
		{C8A09177-0215-4059-87F2-E95C0DEC28D2}.Release|x86.Build.0 = Release|Any CPU
	EndGlobalSection
	GlobalSection(SolutionProperties) = preSolution
		HideSolutionNode = FALSE
	EndGlobalSection
	GlobalSection(NestedProjects) = preSolution
		{F4BE5DC6-9C5E-4635-A062-C613B75ECACD} = {D223DE53-00D8-4CE1-B39F-A893B578996C}
		{A741CC6D-D048-497D-8480-9A8E152B17FE} = {B1B1644A-2A80-49C7-944C-59FC08CA2000}
		{89CBEDA2-6CCA-443B-8F69-7E61C99FCC86} = {3462DB48-D541-4E70-880C-957966B361BA}
		{C8A09177-0215-4059-87F2-E95C0DEC28D2} = {B1B1644A-2A80-49C7-944C-59FC08CA2000}
	EndGlobalSection
	GlobalSection(ExtensibilityGlobals) = postSolution
		SolutionGuid = {603C804C-B0F0-4D6D-B6AF-2F7AD45198CD}
	EndGlobalSection
EndGlobal
